
Microsoft Visual Studio Solution File, Format Version 12.00
# Visual Studio Version 17
VisualStudioVersion = 17.10.34916.146
MinimumVisualStudioVersion = 10.0.40219.1
Project("{FAE04EC0-301F-11D3-BF4B-00C04F79EFBC}") = "Otelpril", "Otelpril\Otelpril.csproj", "{03C89C02-C0D5-4A0C-BA40-0F11B7C85834}"
EndProject
Global
	GlobalSection(SolutionConfigurationPlatforms) = preSolution
		Debug|Any CPU = Debug|Any CPU
		Release|Any CPU = Release|Any CPU
	EndGlobalSection
	GlobalSection(ProjectConfigurationPlatforms) = postSolution
		{03C89C02-C0D5-4A0C-BA40-0F11B7C85834}.Debug|Any CPU.ActiveCfg = Debug|Any CPU
		{03C89C02-C0D5-4A0C-BA40-0F11B7C85834}.Debug|Any CPU.Build.0 = Debug|Any CPU
		{03C89C02-C0D5-4A0C-BA40-0F11B7C85834}.Debug|Any CPU.Deploy.0 = Debug|Any CPU
		{03C89C02-C0D5-4A0C-BA40-0F11B7C85834}.Release|Any CPU.ActiveCfg = Release|Any CPU
		{03C89C02-C0D5-4A0C-BA40-0F11B7C85834}.Release|Any CPU.Build.0 = Release|Any CPU
		{03C89C02-C0D5-4A0C-BA40-0F11B7C85834}.Release|Any CPU.Deploy.0 = Release|Any CPU
	EndGlobalSection
	GlobalSection(SolutionProperties) = preSolution
		HideSolutionNode = FALSE
	EndGlobalSection
	GlobalSection(ExtensibilityGlobals) = postSolution
		SolutionGuid = {D2F7DC75-A500-45FF-8153-AAC7B91A69A8}
	EndGlobalSection
EndGlobal
